{
    "_readme": [
        "This file locks the dependencies of your project to a known state",
        "Read more about it at https://getcomposer.org/doc/01-basic-usage.md#installing-dependencies",
        "This file is @generated automatically"
    ],
    "content-hash": "c9faa59c713abce578dcbe0256246986",
    "packages": [
        {
            "name": "phar-io/executor",
            "version": "0.9.0",
            "source": {
                "type": "git",
                "url": "https://github.com/phar-io/executor.git",
                "reference": "961a28ec0343b229a6ab593d0996db3ccdfbc346"
            },
            "dist": {
                "type": "zip",
                "url": "https://api.github.com/repos/phar-io/executor/zipball/961a28ec0343b229a6ab593d0996db3ccdfbc346",
                "reference": "961a28ec0343b229a6ab593d0996db3ccdfbc346",
                "shasum": ""
            },
            "require": {
                "phar-io/filesystem": "^0.9",
                "php": ">=5.6.0"
            },
            "type": "library",
            "extra": {
                "branch-alias": {
                    "dev-master": "1.0.x-dev"
                }
            },
            "autoload": {
                "classmap": [
                    "src/"
                ]
            },
            "notification-url": "https://packagist.org/downloads/",
            "license": [
                "BSD-3-Clause"
            ],
            "authors": [
                {
                    "name": "Arne Blankerts",
                    "email": "arne@blankerts.de",
                    "role": "Developer"
                },
                {
                    "name": "Sebastian Heuer",
                    "email": "sebastian@phpeople.de",
                    "role": "Developer"
                }
            ],
            "time": "2020-05-13T19:56:29+00:00"
        },
        {
            "name": "phar-io/filesystem",
            "version": "0.9.0",
            "source": {
                "type": "git",
                "url": "https://github.com/phar-io/filesystem.git",
                "reference": "6051c0b17e93721102f54f21676091187fe581c0"
            },
            "dist": {
                "type": "zip",
                "url": "https://api.github.com/repos/phar-io/filesystem/zipball/6051c0b17e93721102f54f21676091187fe581c0",
                "reference": "6051c0b17e93721102f54f21676091187fe581c0",
                "shasum": ""
            },
            "require": {
                "php": ">=5.6.0"
            },
            "type": "library",
            "extra": {
                "branch-alias": {
                    "dev-master": "1.0.x-dev"
                }
            },
            "autoload": {
                "classmap": [
                    "src/"
                ]
            },
            "notification-url": "https://packagist.org/downloads/",
            "license": [
                "BSD-3-Clause"
            ],
            "authors": [
                {
                    "name": "Arne Blankerts",
                    "email": "arne@blankerts.de",
                    "role": "Developer"
                },
                {
                    "name": "Sebastian Heuer",
                    "email": "sebastian@phpeople.de",
                    "role": "Developer"
                }
            ],
            "time": "2020-05-09T15:30:44+00:00"
        }
    ],
    "packages-dev": [],
    "aliases": [],
    "minimum-stability": "dev",
    "stability-flags": [],
    "prefer-stable": true,
    "prefer-lowest": false,
    "platform": {
        "php": "^7.1"
    },
    "platform-dev": []
}
