{
    "_readme": [
        "This file locks the dependencies of your project to a known state",
        "Read more about it at https://getcomposer.org/doc/01-basic-usage.md#installing-dependencies",
        "This file is @generated automatically"
    ],
    "content-hash": "cf31ecf3f85a6941f6086493f53bcdf9",
    "packages": [
        {
            "name": "phar-io/executor",
            "version": "dev-master",
            "source": {
                "type": "git",
                "url": "https://github.com/phar-io/executor.git",
                "reference": "73ee06f202bf07acc6d2da9bb383bda3e91784ba"
            },
            "dist": {
                "type": "zip",
                "url": "https://api.github.com/repos/phar-io/executor/zipball/73ee06f202bf07acc6d2da9bb383bda3e91784ba",
                "reference": "73ee06f202bf07acc6d2da9bb383bda3e91784ba",
                "shasum": ""
            },
            "require": {
                "phar-io/filesystem": "1.0.x-dev",
                "php": ">=5.6.0"
            },
            "type": "library",
            "extra": {
                "branch-alias": {
                    "dev-master": "1.0.x-dev"
                }
            },
            "autoload": {
                "classmap": [
                    "src/"
                ]
            },
            "notification-url": "https://packagist.org/downloads/",
            "license": [
                "BSD-3-Clause"
            ],
            "authors": [
                {
                    "name": "Arne Blankerts",
                    "email": "arne@blankerts.de",
                    "role": "Developer"
                },
                {
                    "name": "Sebastian Heuer",
                    "email": "sebastian@phpeople.de",
                    "role": "Developer"
                }
            ],
            "time": "2017-03-19T16:06:49+00:00"
        },
        {
            "name": "phar-io/filesystem",
            "version": "dev-master",
            "source": {
                "type": "git",
                "url": "https://github.com/phar-io/filesystem.git",
                "reference": "5691b052daba3d179e6aef064a02ebfa5e8c7d1e"
            },
            "dist": {
                "type": "zip",
                "url": "https://api.github.com/repos/phar-io/filesystem/zipball/5691b052daba3d179e6aef064a02ebfa5e8c7d1e",
                "reference": "5691b052daba3d179e6aef064a02ebfa5e8c7d1e",
                "shasum": ""
            },
            "require": {
                "php": "^7.2"
            },
            "type": "library",
            "extra": {
                "branch-alias": {
                    "dev-master": "1.0.x-dev"
                }
            },
            "autoload": {
                "classmap": [
                    "src/"
                ]
            },
            "notification-url": "https://packagist.org/downloads/",
            "license": [
                "BSD-3-Clause"
            ],
            "authors": [
                {
                    "name": "Arne Blankerts",
                    "email": "arne@blankerts.de",
                    "role": "Developer"
                },
                {
                    "name": "Sebastian Heuer",
                    "email": "sebastian@phpeople.de",
                    "role": "Developer"
                }
            ],
            "time": "2020-05-09T22:26:02+00:00"
        }
    ],
    "packages-dev": [],
    "aliases": [],
    "minimum-stability": "dev",
    "stability-flags": {
        "phar-io/executor": 20
    },
    "prefer-stable": true,
    "prefer-lowest": false,
    "platform": {
        "php": "^7.2"
    },
    "platform-dev": []
}
