{
    "_readme": [
        "This file locks the dependencies of your project to a known state",
        "Read more about it at https://getcomposer.org/doc/01-basic-usage.md#installing-dependencies",
        "This file is @generated automatically"
    ],
    "content-hash": "45cfd91fb7a1fbd646b6255f09a5b39b",
    "packages": [
        {
            "name": "phar-io/executor",
            "version": "1.0.0",
            "source": {
                "type": "git",
                "url": "https://github.com/phar-io/executor.git",
                "reference": "ddf26baf35ab96d3b596b8abe9cc809c42283af5"
            },
            "dist": {
                "type": "zip",
                "url": "https://api.github.com/repos/phar-io/executor/zipball/ddf26baf35ab96d3b596b8abe9cc809c42283af5",
                "reference": "ddf26baf35ab96d3b596b8abe9cc809c42283af5",
                "shasum": ""
            },
            "require": {
                "phar-io/filesystem": "^2.0",
                "php": "^7.2"
            },
            "type": "library",
            "autoload": {
                "classmap": [
                    "src/"
                ]
            },
            "notification-url": "https://packagist.org/downloads/",
            "license": [
                "BSD-3-Clause"
            ],
            "authors": [
                {
                    "name": "Arne Blankerts",
                    "email": "arne@blankerts.de",
                    "role": "Developer"
                },
                {
                    "name": "Sebastian Heuer",
                    "email": "sebastian@phpeople.de",
                    "role": "Developer"
                }
            ],
            "time": "2020-05-16T23:16:39+00:00"
        },
        {
            "name": "phar-io/filesystem",
            "version": "2.0.0",
            "source": {
                "type": "git",
                "url": "https://github.com/phar-io/filesystem.git",
                "reference": "f8ce9a46dddcca9da74d0ef2ba5e47ae457716c8"
            },
            "dist": {
                "type": "zip",
                "url": "https://api.github.com/repos/phar-io/filesystem/zipball/f8ce9a46dddcca9da74d0ef2ba5e47ae457716c8",
                "reference": "f8ce9a46dddcca9da74d0ef2ba5e47ae457716c8",
                "shasum": ""
            },
            "require": {
                "php": "^7.2"
            },
            "type": "library",
            "autoload": {
                "classmap": [
                    "src/"
                ]
            },
            "notification-url": "https://packagist.org/downloads/",
            "license": [
                "BSD-3-Clause"
            ],
            "authors": [
                {
                    "name": "Arne Blankerts",
                    "email": "arne@blankerts.de",
                    "role": "Developer"
                },
                {
                    "name": "Sebastian Heuer",
                    "email": "sebastian@phpeople.de",
                    "role": "Developer"
                }
            ],
            "time": "2020-05-16T22:55:30+00:00"
        }
    ],
    "packages-dev": [],
    "aliases": [],
    "minimum-stability": "dev",
    "stability-flags": [],
    "prefer-stable": true,
    "prefer-lowest": false,
    "platform": {
        "php": "^7.2"
    },
    "platform-dev": []
}
